
Microsoft Visual Studio Solution File, Format Version 12.00
Project("{FAE04EC0-301F-11D3-BF4B-00C04F79EFBC}") = "Bai02", "Bai02\Bai02.csproj", "{C3433B76-2E23-4811-B2BF-7A0FEF492068}"
EndProject
Project("{FAE04EC0-301F-11D3-BF4B-00C04F79EFBC}") = "Bai03", "Bai03\Bai03.csproj", "{FC097AD8-B35E-4C04-A669-775D90B8AAA7}"
EndProject
Project("{FAE04EC0-301F-11D3-BF4B-00C04F79EFBC}") = "Bai04", "Bai04\Bai04.csproj", "{04AE8B90-A3F3-4F63-A89A-C80C478C7125}"
EndProject
Global
	GlobalSection(SolutionConfigurationPlatforms) = preSolution
		Debug|Any CPU = Debug|Any CPU
		Release|Any CPU = Release|Any CPU
	EndGlobalSection
	GlobalSection(ProjectConfigurationPlatforms) = postSolution
		{C3433B76-2E23-4811-B2BF-7A0FEF492068}.Debug|Any CPU.ActiveCfg = Debug|Any CPU
		{C3433B76-2E23-4811-B2BF-7A0FEF492068}.Debug|Any CPU.Build.0 = Debug|Any CPU
		{C3433B76-2E23-4811-B2BF-7A0FEF492068}.Release|Any CPU.ActiveCfg = Release|Any CPU
		{C3433B76-2E23-4811-B2BF-7A0FEF492068}.Release|Any CPU.Build.0 = Release|Any CPU
		{FC097AD8-B35E-4C04-A669-775D90B8AAA7}.Debug|Any CPU.ActiveCfg = Debug|Any CPU
		{FC097AD8-B35E-4C04-A669-775D90B8AAA7}.Debug|Any CPU.Build.0 = Debug|Any CPU
		{FC097AD8-B35E-4C04-A669-775D90B8AAA7}.Release|Any CPU.ActiveCfg = Release|Any CPU
		{FC097AD8-B35E-4C04-A669-775D90B8AAA7}.Release|Any CPU.Build.0 = Release|Any CPU
		{04AE8B90-A3F3-4F63-A89A-C80C478C7125}.Debug|Any CPU.ActiveCfg = Debug|Any CPU
		{04AE8B90-A3F3-4F63-A89A-C80C478C7125}.Debug|Any CPU.Build.0 = Debug|Any CPU
		{04AE8B90-A3F3-4F63-A89A-C80C478C7125}.Release|Any CPU.ActiveCfg = Release|Any CPU
		{04AE8B90-A3F3-4F63-A89A-C80C478C7125}.Release|Any CPU.Build.0 = Release|Any CPU
	EndGlobalSection
EndGlobal
