
Microsoft Visual Studio Solution File, Format Version 12.00
Project("{FAE04EC0-301F-11D3-BF4B-00C04F79EFBC}") = "ExceptionHandling", "ExceptionHandling\ExceptionHandling.csproj", "{F2EC0550-575D-410F-B0D9-F3F77F3760A1}"
EndProject
Project("{FAE04EC0-301F-11D3-BF4B-00C04F79EFBC}") = "Demo_exception", "Demo_exception\Demo_exception.csproj", "{C86BB639-B448-48E0-9726-6C87E43A2CD5}"
EndProject
Global
	GlobalSection(SolutionConfigurationPlatforms) = preSolution
		Debug|Any CPU = Debug|Any CPU
		Release|Any CPU = Release|Any CPU
	EndGlobalSection
	GlobalSection(ProjectConfigurationPlatforms) = postSolution
		{F2EC0550-575D-410F-B0D9-F3F77F3760A1}.Debug|Any CPU.ActiveCfg = Debug|Any CPU
		{F2EC0550-575D-410F-B0D9-F3F77F3760A1}.Debug|Any CPU.Build.0 = Debug|Any CPU
		{F2EC0550-575D-410F-B0D9-F3F77F3760A1}.Release|Any CPU.ActiveCfg = Release|Any CPU
		{F2EC0550-575D-410F-B0D9-F3F77F3760A1}.Release|Any CPU.Build.0 = Release|Any CPU
		{C86BB639-B448-48E0-9726-6C87E43A2CD5}.Debug|Any CPU.ActiveCfg = Debug|Any CPU
		{C86BB639-B448-48E0-9726-6C87E43A2CD5}.Debug|Any CPU.Build.0 = Debug|Any CPU
		{C86BB639-B448-48E0-9726-6C87E43A2CD5}.Release|Any CPU.ActiveCfg = Release|Any CPU
		{C86BB639-B448-48E0-9726-6C87E43A2CD5}.Release|Any CPU.Build.0 = Release|Any CPU
	EndGlobalSection
EndGlobal
