
Microsoft Visual Studio Solution File, Format Version 12.00
# Visual Studio Version 17
VisualStudioVersion = 17.9.34723.18
MinimumVisualStudioVersion = 10.0.40219.1
Project("{FAE04EC0-301F-11D3-BF4B-00C04F79EFBC}") = "Bai01", "Bai01\Bai01.csproj", "{DB07F20F-9C95-44A4-975B-0370A1C33BE2}"
EndProject
Project("{FAE04EC0-301F-11D3-BF4B-00C04F79EFBC}") = "Bai02", "Bai02\Bai02.csproj", "{5E9D0BC3-26F6-41AE-9FE7-AF4DB2F78A33}"
EndProject
Global
	GlobalSection(SolutionConfigurationPlatforms) = preSolution
		Debug|Any CPU = Debug|Any CPU
		Release|Any CPU = Release|Any CPU
	EndGlobalSection
	GlobalSection(ProjectConfigurationPlatforms) = postSolution
		{DB07F20F-9C95-44A4-975B-0370A1C33BE2}.Debug|Any CPU.ActiveCfg = Debug|Any CPU
		{DB07F20F-9C95-44A4-975B-0370A1C33BE2}.Debug|Any CPU.Build.0 = Debug|Any CPU
		{DB07F20F-9C95-44A4-975B-0370A1C33BE2}.Release|Any CPU.ActiveCfg = Release|Any CPU
		{DB07F20F-9C95-44A4-975B-0370A1C33BE2}.Release|Any CPU.Build.0 = Release|Any CPU
		{5E9D0BC3-26F6-41AE-9FE7-AF4DB2F78A33}.Debug|Any CPU.ActiveCfg = Debug|Any CPU
		{5E9D0BC3-26F6-41AE-9FE7-AF4DB2F78A33}.Debug|Any CPU.Build.0 = Debug|Any CPU
		{5E9D0BC3-26F6-41AE-9FE7-AF4DB2F78A33}.Release|Any CPU.ActiveCfg = Release|Any CPU
		{5E9D0BC3-26F6-41AE-9FE7-AF4DB2F78A33}.Release|Any CPU.Build.0 = Release|Any CPU
	EndGlobalSection
	GlobalSection(SolutionProperties) = preSolution
		HideSolutionNode = FALSE
	EndGlobalSection
	GlobalSection(ExtensibilityGlobals) = postSolution
		SolutionGuid = {9545A611-E382-4DA9-B34A-5CCA7EDCFB47}
	EndGlobalSection
EndGlobal
